// !$*UTF8*$!
{
	archiveVersion = 1;
	classes = {
	};
	objectVersion = 46;
	objects = {

/* Begin PBXBuildFile section */
		55C75DD5158EAB4100B21B74 /* Foundation.framework in Frameworks */ = {isa = PBXBuildFile; fileRef = 55C75DD4158EAB4100B21B74 /* Foundation.framework */; };
		55C75E62158EAD7A00B21B74 /* Background.cpp in Sources */ = {isa = PBXBuildFile; fileRef = 55C75E1C158EAD7A00B21B74 /* Background.cpp */; };
		55C75E63158EAD7A00B21B74 /* BaseObject.cpp in Sources */ = {isa = PBXBuildFile; fileRef = 55C75E1E158EAD7A00B21B74 /* BaseObject.cpp */; };
		55C75E64158EAD7A00B21B74 /* BasePhysics.cpp in Sources */ = {isa = PBXBuildFile; fileRef = 55C75E20158EAD7A00B21B74 /* BasePhysics.cpp */; };
		55C75E65158EAD7A00B21B74 /* BaseRender.cpp in Sources */ = {isa = PBXBuildFile; fileRef = 55C75E22158EAD7A00B21B74 /* BaseRender.cpp */; };
		55C75E66158EAD7A00B21B74 /* BaseRenderable.cpp in Sources */ = {isa = PBXBuildFile; fileRef = 55C75E24158EAD7A00B21B74 /* BaseRenderable.cpp */; };
		55C75E67158EAD7A00B21B74 /* Camera.cpp in Sources */ = {isa = PBXBuildFile; fileRef = 55C75E26158EAD7A00B21B74 /* Camera.cpp */; };
		55C75E68158EAD7A00B21B74 /* DebugDraw.cpp in Sources */ = {isa = PBXBuildFile; fileRef = 55C75E28158EAD7A00B21B74 /* DebugDraw.cpp */; };
		55C75E69158EAD7A00B21B74 /* EntityCreator.cpp in Sources */ = {isa = PBXBuildFile; fileRef = 55C75E2A158EAD7A00B21B74 /* EntityCreator.cpp */; };
		55C75E6A158EAD7A00B21B74 /* EntityListGlobal.cpp in Sources */ = {isa = PBXBuildFile; fileRef = 55C75E2D158EAD7A00B21B74 /* EntityListGlobal.cpp */; };
		55C75E6B158EAD7A00B21B74 /* GameGlobals.cpp in Sources */ = {isa = PBXBuildFile; fileRef = 55C75E2F158EAD7A00B21B74 /* GameGlobals.cpp */; };
		55C75E6C158EAD7A00B21B74 /* HUDRender.cpp in Sources */ = {isa = PBXBuildFile; fileRef = 55C75E31158EAD7A00B21B74 /* HUDRender.cpp */; };
		55C75E6D158EAD7A00B21B74 /* IGameState.cpp in Sources */ = {isa = PBXBuildFile; fileRef = 55C75E33158EAD7A00B21B74 /* IGameState.cpp */; };
		55C75E6E158EAD7A00B21B74 /* Crate.png in Resources */ = {isa = PBXBuildFile; fileRef = 55C75E36158EAD7A00B21B74 /* Crate.png */; };
		55C75E6F158EAD7A00B21B74 /* grass1.png in Resources */ = {isa = PBXBuildFile; fileRef = 55C75E37158EAD7A00B21B74 /* grass1.png */; };
		55C75E70158EAD7A00B21B74 /* Grass.psd in Resources */ = {isa = PBXBuildFile; fileRef = 55C75E39158EAD7A00B21B74 /* Grass.psd */; };
		55C75E71158EAD7A00B21B74 /* grass1.psd in Resources */ = {isa = PBXBuildFile; fileRef = 55C75E3A158EAD7A00B21B74 /* grass1.psd */; };
		55C75E72158EAD7A00B21B74 /* HouseTest.psd in Resources */ = {isa = PBXBuildFile; fileRef = 55C75E3B158EAD7A00B21B74 /* HouseTest.psd */; };
		55C75E73158EAD7A00B21B74 /* Ship.psd in Resources */ = {isa = PBXBuildFile; fileRef = 55C75E3C158EAD7A00B21B74 /* Ship.psd */; };
		55C75E74158EAD7A00B21B74 /* Sun.psd in Resources */ = {isa = PBXBuildFile; fileRef = 55C75E3D158EAD7A00B21B74 /* Sun.psd */; };
		55C75E75158EAD7A00B21B74 /* scorch.png in Resources */ = {isa = PBXBuildFile; fileRef = 55C75E3E158EAD7A00B21B74 /* scorch.png */; };
		55C75E76158EAD7A00B21B74 /* shadow.png in Resources */ = {isa = PBXBuildFile; fileRef = 55C75E3F158EAD7A00B21B74 /* shadow.png */; };
		55C75E77158EAD7A00B21B74 /* Ship.png in Resources */ = {isa = PBXBuildFile; fileRef = 55C75E40158EAD7A00B21B74 /* Ship.png */; };
		55C75E78158EAD7A00B21B74 /* InputHandler.cpp in Sources */ = {isa = PBXBuildFile; fileRef = 55C75E41158EAD7A00B21B74 /* InputHandler.cpp */; };
		55C75E7B158EAD7A00B21B74 /* main.cpp in Sources */ = {isa = PBXBuildFile; fileRef = 55C75E45158EAD7A00B21B74 /* main.cpp */; };
		55C75E7C158EAD7A00B21B74 /* MainGameState.cpp in Sources */ = {isa = PBXBuildFile; fileRef = 55C75E46158EAD7A00B21B74 /* MainGameState.cpp */; };
		55C75E7D158EAD7A00B21B74 /* Map.cpp in Sources */ = {isa = PBXBuildFile; fileRef = 55C75E48158EAD7A00B21B74 /* Map.cpp */; };
		55C75E7E158EAD7A00B21B74 /* MathUtils.cpp in Sources */ = {isa = PBXBuildFile; fileRef = 55C75E4A158EAD7A00B21B74 /* MathUtils.cpp */; };
		55C75E7F158EAD7A00B21B74 /* PhysicsDef.cpp in Sources */ = {isa = PBXBuildFile; fileRef = 55C75E4C158EAD7A00B21B74 /* PhysicsDef.cpp */; };
		55C75E80158EAD7A00B21B74 /* Player.cpp in Sources */ = {isa = PBXBuildFile; fileRef = 55C75E4E158EAD7A00B21B74 /* Player.cpp */; };
		55C75E81158EAD7A00B21B74 /* Prop.cpp in Sources */ = {isa = PBXBuildFile; fileRef = 55C75E50158EAD7A00B21B74 /* Prop.cpp */; };
		55C75E82158EAD7A00B21B74 /* Randomiser.cpp in Sources */ = {isa = PBXBuildFile; fileRef = 55C75E52158EAD7A00B21B74 /* Randomiser.cpp */; };
		55C75E83158EAD7A00B21B74 /* Renderer.cpp in Sources */ = {isa = PBXBuildFile; fileRef = 55C75E54158EAD7A00B21B74 /* Renderer.cpp */; };
		55C75E84158EAD7A00B21B74 /* StarField.cpp in Sources */ = {isa = PBXBuildFile; fileRef = 55C75E56158EAD7A00B21B74 /* StarField.cpp */; };
		55C75E85158EAD7A00B21B74 /* StateManager.cpp in Sources */ = {isa = PBXBuildFile; fileRef = 55C75E58158EAD7A00B21B74 /* StateManager.cpp */; };
		55C75E86158EAD7A00B21B74 /* Sun.cpp in Sources */ = {isa = PBXBuildFile; fileRef = 55C75E5A158EAD7A00B21B74 /* Sun.cpp */; };
		55C75E87158EAD7A00B21B74 /* Test.cpp in Sources */ = {isa = PBXBuildFile; fileRef = 55C75E5C158EAD7A00B21B74 /* Test.cpp */; };
		55C75E88158EAD7A00B21B74 /* VariantMap.cpp in Sources */ = {isa = PBXBuildFile; fileRef = 55C75E5E158EAD7A00B21B74 /* VariantMap.cpp */; };
		55C75E89158EAD7A00B21B74 /* Vector2.cpp in Sources */ = {isa = PBXBuildFile; fileRef = 55C75E60158EAD7A00B21B74 /* Vector2.cpp */; };
/* End PBXBuildFile section */

/* Begin PBXFileReference section */
		55347B73158EB87C00D334F1 /* Matrix3.hpp */ = {isa = PBXFileReference; fileEncoding = 4; lastKnownFileType = sourcecode.cpp.h; path = Matrix3.hpp; sourceTree = "<group>"; };
		55C75DD0158EAB4100B21B74 /* Intergalactic.app */ = {isa = PBXFileReference; explicitFileType = wrapper.application; includeInIndex = 0; path = Intergalactic.app; sourceTree = BUILT_PRODUCTS_DIR; };
		55C75DD4158EAB4100B21B74 /* Foundation.framework */ = {isa = PBXFileReference; lastKnownFileType = wrapper.framework; name = Foundation.framework; path = System/Library/Frameworks/Foundation.framework; sourceTree = SDKROOT; };
		55C75E1C158EAD7A00B21B74 /* Background.cpp */ = {isa = PBXFileReference; fileEncoding = 4; lastKnownFileType = sourcecode.cpp.cpp; path = Background.cpp; sourceTree = "<group>"; };
		55C75E1D158EAD7A00B21B74 /* Background.h */ = {isa = PBXFileReference; fileEncoding = 4; lastKnownFileType = sourcecode.c.h; path = Background.h; sourceTree = "<group>"; };
		55C75E1E158EAD7A00B21B74 /* BaseObject.cpp */ = {isa = PBXFileReference; fileEncoding = 4; lastKnownFileType = sourcecode.cpp.cpp; path = BaseObject.cpp; sourceTree = "<group>"; };
		55C75E1F158EAD7A00B21B74 /* BaseObject.h */ = {isa = PBXFileReference; fileEncoding = 4; lastKnownFileType = sourcecode.c.h; path = BaseObject.h; sourceTree = "<group>"; };
		55C75E20158EAD7A00B21B74 /* BasePhysics.cpp */ = {isa = PBXFileReference; fileEncoding = 4; lastKnownFileType = sourcecode.cpp.cpp; path = BasePhysics.cpp; sourceTree = "<group>"; };
		55C75E21158EAD7A00B21B74 /* BasePhysics.h */ = {isa = PBXFileReference; fileEncoding = 4; lastKnownFileType = sourcecode.c.h; path = BasePhysics.h; sourceTree = "<group>"; };
		55C75E22158EAD7A00B21B74 /* BaseRender.cpp */ = {isa = PBXFileReference; fileEncoding = 4; lastKnownFileType = sourcecode.cpp.cpp; path = BaseRender.cpp; sourceTree = "<group>"; };
		55C75E23158EAD7A00B21B74 /* BaseRender.h */ = {isa = PBXFileReference; fileEncoding = 4; lastKnownFileType = sourcecode.c.h; path = BaseRender.h; sourceTree = "<group>"; };
		55C75E24158EAD7A00B21B74 /* BaseRenderable.cpp */ = {isa = PBXFileReference; fileEncoding = 4; lastKnownFileType = sourcecode.cpp.cpp; path = BaseRenderable.cpp; sourceTree = "<group>"; };
		55C75E25158EAD7A00B21B74 /* BaseRenderable.h */ = {isa = PBXFileReference; fileEncoding = 4; lastKnownFileType = sourcecode.c.h; path = BaseRenderable.h; sourceTree = "<group>"; };
		55C75E26158EAD7A00B21B74 /* Camera.cpp */ = {isa = PBXFileReference; fileEncoding = 4; lastKnownFileType = sourcecode.cpp.cpp; path = Camera.cpp; sourceTree = "<group>"; };
		55C75E27158EAD7A00B21B74 /* Camera.h */ = {isa = PBXFileReference; fileEncoding = 4; lastKnownFileType = sourcecode.c.h; path = Camera.h; sourceTree = "<group>"; };
		55C75E28158EAD7A00B21B74 /* DebugDraw.cpp */ = {isa = PBXFileReference; fileEncoding = 4; lastKnownFileType = sourcecode.cpp.cpp; path = DebugDraw.cpp; sourceTree = "<group>"; };
		55C75E29158EAD7A00B21B74 /* DebugDraw.h */ = {isa = PBXFileReference; fileEncoding = 4; lastKnownFileType = sourcecode.c.h; path = DebugDraw.h; sourceTree = "<group>"; };
		55C75E2A158EAD7A00B21B74 /* EntityCreator.cpp */ = {isa = PBXFileReference; fileEncoding = 4; lastKnownFileType = sourcecode.cpp.cpp; path = EntityCreator.cpp; sourceTree = "<group>"; };
		55C75E2B158EAD7A00B21B74 /* EntityCreator.h */ = {isa = PBXFileReference; fileEncoding = 4; lastKnownFileType = sourcecode.c.h; path = EntityCreator.h; sourceTree = "<group>"; };
		55C75E2C158EAD7A00B21B74 /* EntityList.h */ = {isa = PBXFileReference; fileEncoding = 4; lastKnownFileType = sourcecode.c.h; path = EntityList.h; sourceTree = "<group>"; };
		55C75E2D158EAD7A00B21B74 /* EntityListGlobal.cpp */ = {isa = PBXFileReference; fileEncoding = 4; lastKnownFileType = sourcecode.cpp.cpp; path = EntityListGlobal.cpp; sourceTree = "<group>"; };
		55C75E2E158EAD7A00B21B74 /* EntityListGlobal.h */ = {isa = PBXFileReference; fileEncoding = 4; lastKnownFileType = sourcecode.c.h; path = EntityListGlobal.h; sourceTree = "<group>"; };
		55C75E2F158EAD7A00B21B74 /* GameGlobals.cpp */ = {isa = PBXFileReference; fileEncoding = 4; lastKnownFileType = sourcecode.cpp.cpp; path = GameGlobals.cpp; sourceTree = "<group>"; };
		55C75E30158EAD7A00B21B74 /* GameGlobals.h */ = {isa = PBXFileReference; fileEncoding = 4; lastKnownFileType = sourcecode.c.h; path = GameGlobals.h; sourceTree = "<group>"; };
		55C75E31158EAD7A00B21B74 /* HUDRender.cpp */ = {isa = PBXFileReference; fileEncoding = 4; lastKnownFileType = sourcecode.cpp.cpp; path = HUDRender.cpp; sourceTree = "<group>"; };
		55C75E32158EAD7A00B21B74 /* HUDRender.h */ = {isa = PBXFileReference; fileEncoding = 4; lastKnownFileType = sourcecode.c.h; path = HUDRender.h; sourceTree = "<group>"; };
		55C75E33158EAD7A00B21B74 /* IGameState.cpp */ = {isa = PBXFileReference; fileEncoding = 4; lastKnownFileType = sourcecode.cpp.cpp; path = IGameState.cpp; sourceTree = "<group>"; };
		55C75E34158EAD7A00B21B74 /* IGameState.h */ = {isa = PBXFileReference; fileEncoding = 4; lastKnownFileType = sourcecode.c.h; path = IGameState.h; sourceTree = "<group>"; };
		55C75E36158EAD7A00B21B74 /* Crate.png */ = {isa = PBXFileReference; lastKnownFileType = image.png; path = Crate.png; sourceTree = "<group>"; };
		55C75E37158EAD7A00B21B74 /* grass1.png */ = {isa = PBXFileReference; lastKnownFileType = image.png; path = grass1.png; sourceTree = "<group>"; };
		55C75E39158EAD7A00B21B74 /* Grass.psd */ = {isa = PBXFileReference; lastKnownFileType = file; path = Grass.psd; sourceTree = "<group>"; };
		55C75E3A158EAD7A00B21B74 /* grass1.psd */ = {isa = PBXFileReference; lastKnownFileType = file; path = grass1.psd; sourceTree = "<group>"; };
		55C75E3B158EAD7A00B21B74 /* HouseTest.psd */ = {isa = PBXFileReference; lastKnownFileType = file; path = HouseTest.psd; sourceTree = "<group>"; };
		55C75E3C158EAD7A00B21B74 /* Ship.psd */ = {isa = PBXFileReference; lastKnownFileType = file; path = Ship.psd; sourceTree = "<group>"; };
		55C75E3D158EAD7A00B21B74 /* Sun.psd */ = {isa = PBXFileReference; lastKnownFileType = file; path = Sun.psd; sourceTree = "<group>"; };
		55C75E3E158EAD7A00B21B74 /* scorch.png */ = {isa = PBXFileReference; lastKnownFileType = image.png; path = scorch.png; sourceTree = "<group>"; };
		55C75E3F158EAD7A00B21B74 /* shadow.png */ = {isa = PBXFileReference; lastKnownFileType = image.png; path = shadow.png; sourceTree = "<group>"; };
		55C75E40158EAD7A00B21B74 /* Ship.png */ = {isa = PBXFileReference; lastKnownFileType = image.png; path = Ship.png; sourceTree = "<group>"; };
		55C75E41158EAD7A00B21B74 /* InputHandler.cpp */ = {isa = PBXFileReference; fileEncoding = 4; lastKnownFileType = sourcecode.cpp.cpp; path = InputHandler.cpp; sourceTree = "<group>"; };
		55C75E42158EAD7A00B21B74 /* InputHandler.h */ = {isa = PBXFileReference; fileEncoding = 4; lastKnownFileType = sourcecode.c.h; path = InputHandler.h; sourceTree = "<group>"; };
		55C75E45158EAD7A00B21B74 /* main.cpp */ = {isa = PBXFileReference; fileEncoding = 4; lastKnownFileType = sourcecode.cpp.cpp; path = main.cpp; sourceTree = "<group>"; };
		55C75E46158EAD7A00B21B74 /* MainGameState.cpp */ = {isa = PBXFileReference; fileEncoding = 4; lastKnownFileType = sourcecode.cpp.cpp; path = MainGameState.cpp; sourceTree = "<group>"; };
		55C75E47158EAD7A00B21B74 /* MainGameState.h */ = {isa = PBXFileReference; fileEncoding = 4; lastKnownFileType = sourcecode.c.h; path = MainGameState.h; sourceTree = "<group>"; };
		55C75E48158EAD7A00B21B74 /* Map.cpp */ = {isa = PBXFileReference; fileEncoding = 4; lastKnownFileType = sourcecode.cpp.cpp; path = Map.cpp; sourceTree = "<group>"; };
		55C75E49158EAD7A00B21B74 /* Map.h */ = {isa = PBXFileReference; fileEncoding = 4; lastKnownFileType = sourcecode.c.h; path = Map.h; sourceTree = "<group>"; };
		55C75E4A158EAD7A00B21B74 /* MathUtils.cpp */ = {isa = PBXFileReference; fileEncoding = 4; lastKnownFileType = sourcecode.cpp.cpp; path = MathUtils.cpp; sourceTree = "<group>"; };
		55C75E4B158EAD7A00B21B74 /* MathUtils.h */ = {isa = PBXFileReference; fileEncoding = 4; lastKnownFileType = sourcecode.c.h; path = MathUtils.h; sourceTree = "<group>"; };
		55C75E4C158EAD7A00B21B74 /* PhysicsDef.cpp */ = {isa = PBXFileReference; fileEncoding = 4; lastKnownFileType = sourcecode.cpp.cpp; path = PhysicsDef.cpp; sourceTree = "<group>"; };
		55C75E4D158EAD7A00B21B74 /* PhysicsDef.h */ = {isa = PBXFileReference; fileEncoding = 4; lastKnownFileType = sourcecode.c.h; path = PhysicsDef.h; sourceTree = "<group>"; };
		55C75E4E158EAD7A00B21B74 /* Player.cpp */ = {isa = PBXFileReference; fileEncoding = 4; lastKnownFileType = sourcecode.cpp.cpp; path = Player.cpp; sourceTree = "<group>"; };
		55C75E4F158EAD7A00B21B74 /* Player.h */ = {isa = PBXFileReference; fileEncoding = 4; lastKnownFileType = sourcecode.c.h; path = Player.h; sourceTree = "<group>"; };
		55C75E50158EAD7A00B21B74 /* Prop.cpp */ = {isa = PBXFileReference; fileEncoding = 4; lastKnownFileType = sourcecode.cpp.cpp; path = Prop.cpp; sourceTree = "<group>"; };
		55C75E51158EAD7A00B21B74 /* Prop.h */ = {isa = PBXFileReference; fileEncoding = 4; lastKnownFileType = sourcecode.c.h; path = Prop.h; sourceTree = "<group>"; };
		55C75E52158EAD7A00B21B74 /* Randomiser.cpp */ = {isa = PBXFileReference; fileEncoding = 4; lastKnownFileType = sourcecode.cpp.cpp; path = Randomiser.cpp; sourceTree = "<group>"; };
		55C75E53158EAD7A00B21B74 /* Randomiser.h */ = {isa = PBXFileReference; fileEncoding = 4; lastKnownFileType = sourcecode.c.h; path = Randomiser.h; sourceTree = "<group>"; };
		55C75E54158EAD7A00B21B74 /* Renderer.cpp */ = {isa = PBXFileReference; fileEncoding = 4; lastKnownFileType = sourcecode.cpp.cpp; path = Renderer.cpp; sourceTree = "<group>"; };
		55C75E55158EAD7A00B21B74 /* Renderer.h */ = {isa = PBXFileReference; fileEncoding = 4; lastKnownFileType = sourcecode.c.h; path = Renderer.h; sourceTree = "<group>"; };
		55C75E56158EAD7A00B21B74 /* StarField.cpp */ = {isa = PBXFileReference; fileEncoding = 4; lastKnownFileType = sourcecode.cpp.cpp; path = StarField.cpp; sourceTree = "<group>"; };
		55C75E57158EAD7A00B21B74 /* StarField.h */ = {isa = PBXFileReference; fileEncoding = 4; lastKnownFileType = sourcecode.c.h; path = StarField.h; sourceTree = "<group>"; };
		55C75E58158EAD7A00B21B74 /* StateManager.cpp */ = {isa = PBXFileReference; fileEncoding = 4; lastKnownFileType = sourcecode.cpp.cpp; path = StateManager.cpp; sourceTree = "<group>"; };
		55C75E59158EAD7A00B21B74 /* StateManager.h */ = {isa = PBXFileReference; fileEncoding = 4; lastKnownFileType = sourcecode.c.h; path = StateManager.h; sourceTree = "<group>"; };
		55C75E5A158EAD7A00B21B74 /* Sun.cpp */ = {isa = PBXFileReference; fileEncoding = 4; lastKnownFileType = sourcecode.cpp.cpp; path = Sun.cpp; sourceTree = "<group>"; };
		55C75E5B158EAD7A00B21B74 /* Sun.h */ = {isa = PBXFileReference; fileEncoding = 4; lastKnownFileType = sourcecode.c.h; path = Sun.h; sourceTree = "<group>"; };
		55C75E5C158EAD7A00B21B74 /* Test.cpp */ = {isa = PBXFileReference; fileEncoding = 4; lastKnownFileType = sourcecode.cpp.cpp; path = Test.cpp; sourceTree = "<group>"; };
		55C75E5D158EAD7A00B21B74 /* Test.h */ = {isa = PBXFileReference; fileEncoding = 4; lastKnownFileType = sourcecode.c.h; path = Test.h; sourceTree = "<group>"; };
		55C75E5E158EAD7A00B21B74 /* VariantMap.cpp */ = {isa = PBXFileReference; fileEncoding = 4; lastKnownFileType = sourcecode.cpp.cpp; path = VariantMap.cpp; sourceTree = "<group>"; };
		55C75E5F158EAD7A00B21B74 /* VariantMap.h */ = {isa = PBXFileReference; fileEncoding = 4; lastKnownFileType = sourcecode.c.h; path = VariantMap.h; sourceTree = "<group>"; };
		55C75E60158EAD7A00B21B74 /* Vector2.cpp */ = {isa = PBXFileReference; fileEncoding = 4; lastKnownFileType = sourcecode.cpp.cpp; path = Vector2.cpp; sourceTree = "<group>"; };
		55C75E61158EAD7A00B21B74 /* Vector2.h */ = {isa = PBXFileReference; fileEncoding = 4; lastKnownFileType = sourcecode.c.h; path = Vector2.h; sourceTree = "<group>"; };
/* End PBXFileReference section */

/* Begin PBXFrameworksBuildPhase section */
		55C75DCD158EAB4100B21B74 /* Frameworks */ = {
			isa = PBXFrameworksBuildPhase;
			buildActionMask = 2147483647;
			files = (
				55C75DD5158EAB4100B21B74 /* Foundation.framework in Frameworks */,
			);
			runOnlyForDeploymentPostprocessing = 0;
		};
/* End PBXFrameworksBuildPhase section */

/* Begin PBXGroup section */
		55C75DC4158EAB4100B21B74 = {
			isa = PBXGroup;
			children = (
				55C75E1B158EAD7A00B21B74 /* Intergalactic */,
				55C75DD3158EAB4100B21B74 /* Frameworks */,
				55C75DD1158EAB4100B21B74 /* Products */,
			);
			sourceTree = "<group>";
		};
		55C75DD1158EAB4100B21B74 /* Products */ = {
			isa = PBXGroup;
			children = (
				55C75DD0158EAB4100B21B74 /* Intergalactic.app */,
			);
			name = Products;
			sourceTree = "<group>";
		};
		55C75DD3158EAB4100B21B74 /* Frameworks */ = {
			isa = PBXGroup;
			children = (
				55C75DD4158EAB4100B21B74 /* Foundation.framework */,
			);
			name = Frameworks;
			sourceTree = "<group>";
		};
		55C75E1B158EAD7A00B21B74 /* Intergalactic */ = {
			isa = PBXGroup;
			children = (
				55C75E8D158EB02E00B21B74 /* Headers */,
				55C75E35158EAD7A00B21B74 /* images */,
				55C75E8E158EB0FB00B21B74 /* Source */,
			);
			path = Intergalactic;
			sourceTree = "<group>";
		};
		55C75E35158EAD7A00B21B74 /* images */ = {
			isa = PBXGroup;
			children = (
				55C75E36158EAD7A00B21B74 /* Crate.png */,
				55C75E37158EAD7A00B21B74 /* grass1.png */,
				55C75E38158EAD7A00B21B74 /* PSD */,
				55C75E3E158EAD7A00B21B74 /* scorch.png */,
				55C75E3F158EAD7A00B21B74 /* shadow.png */,
				55C75E40158EAD7A00B21B74 /* Ship.png */,
			);
			path = images;
			sourceTree = "<group>";
		};
		55C75E38158EAD7A00B21B74 /* PSD */ = {
			isa = PBXGroup;
			children = (
				55C75E39158EAD7A00B21B74 /* Grass.psd */,
				55C75E3A158EAD7A00B21B74 /* grass1.psd */,
				55C75E3B158EAD7A00B21B74 /* HouseTest.psd */,
				55C75E3C158EAD7A00B21B74 /* Ship.psd */,
				55C75E3D158EAD7A00B21B74 /* Sun.psd */,
			);
			path = PSD;
			sourceTree = "<group>";
		};
		55C75E8D158EB02E00B21B74 /* Headers */ = {
			isa = PBXGroup;
			children = (
				55C75E96158EB24900B21B74 /* Engine */,
				55C75E95158EB20600B21B74 /* Game */,
			);
			name = Headers;
			sourceTree = "<group>";
		};
		55C75E8E158EB0FB00B21B74 /* Source */ = {
			isa = PBXGroup;
			children = (
				55C75E94158EB19200B21B74 /* Game */,
				55C75E93158EB16700B21B74 /* Engine */,
			);
			name = Source;
			sourceTree = "<group>";
		};
		55C75E93158EB16700B21B74 /* Engine */ = {
			isa = PBXGroup;
			children = (
				55C75E1E158EAD7A00B21B74 /* BaseObject.cpp */,
				55C75E20158EAD7A00B21B74 /* BasePhysics.cpp */,
				55C75E22158EAD7A00B21B74 /* BaseRender.cpp */,
				55C75E24158EAD7A00B21B74 /* BaseRenderable.cpp */,
				55C75E26158EAD7A00B21B74 /* Camera.cpp */,
				55C75E28158EAD7A00B21B74 /* DebugDraw.cpp */,
				55C75E2A158EAD7A00B21B74 /* EntityCreator.cpp */,
				55C75E2D158EAD7A00B21B74 /* EntityListGlobal.cpp */,
				55C75E2F158EAD7A00B21B74 /* GameGlobals.cpp */,
				55C75E31158EAD7A00B21B74 /* HUDRender.cpp */,
				55C75E33158EAD7A00B21B74 /* IGameState.cpp */,
				55C75E41158EAD7A00B21B74 /* InputHandler.cpp */,
				55C75E5E158EAD7A00B21B74 /* VariantMap.cpp */,
				55C75E60158EAD7A00B21B74 /* Vector2.cpp */,
				55C75E52158EAD7A00B21B74 /* Randomiser.cpp */,
				55C75E54158EAD7A00B21B74 /* Renderer.cpp */,
				55C75E56158EAD7A00B21B74 /* StarField.cpp */,
				55C75E58158EAD7A00B21B74 /* StateManager.cpp */,
				55C75E1C158EAD7A00B21B74 /* Background.cpp */,
				55C75E45158EAD7A00B21B74 /* main.cpp */,
				55C75E46158EAD7A00B21B74 /* MainGameState.cpp */,
				55C75E4A158EAD7A00B21B74 /* MathUtils.cpp */,
				55C75E4C158EAD7A00B21B74 /* PhysicsDef.cpp */,
				55C75E50158EAD7A00B21B74 /* Prop.cpp */,
			);
			name = Engine;
			sourceTree = "<group>";
		};
		55C75E94158EB19200B21B74 /* Game */ = {
			isa = PBXGroup;
			children = (
				55C75E4E158EAD7A00B21B74 /* Player.cpp */,
				55C75E5A158EAD7A00B21B74 /* Sun.cpp */,
				55C75E48158EAD7A00B21B74 /* Map.cpp */,
				55C75E5C158EAD7A00B21B74 /* Test.cpp */,
			);
			name = Game;
			sourceTree = "<group>";
		};
		55C75E95158EB20600B21B74 /* Game */ = {
			isa = PBXGroup;
			children = (
				55C75E1D158EAD7A00B21B74 /* Background.h */,
				55C75E49158EAD7A00B21B74 /* Map.h */,
				55C75E5B158EAD7A00B21B74 /* Sun.h */,
				55C75E4F158EAD7A00B21B74 /* Player.h */,
				55C75E5D158EAD7A00B21B74 /* Test.h */,
			);
			name = Game;
			sourceTree = "<group>";
		};
		55C75E96158EB24900B21B74 /* Engine */ = {
			isa = PBXGroup;
			children = (
				55347B73158EB87C00D334F1 /* Matrix3.hpp */,
				55C75E1F158EAD7A00B21B74 /* BaseObject.h */,
				55C75E21158EAD7A00B21B74 /* BasePhysics.h */,
				55C75E23158EAD7A00B21B74 /* BaseRender.h */,
				55C75E25158EAD7A00B21B74 /* BaseRenderable.h */,
				55C75E27158EAD7A00B21B74 /* Camera.h */,
				55C75E29158EAD7A00B21B74 /* DebugDraw.h */,
				55C75E2B158EAD7A00B21B74 /* EntityCreator.h */,
				55C75E2C158EAD7A00B21B74 /* EntityList.h */,
				55C75E2E158EAD7A00B21B74 /* EntityListGlobal.h */,
				55C75E30158EAD7A00B21B74 /* GameGlobals.h */,
				55C75E32158EAD7A00B21B74 /* HUDRender.h */,
				55C75E34158EAD7A00B21B74 /* IGameState.h */,
				55C75E42158EAD7A00B21B74 /* InputHandler.h */,
				55C75E47158EAD7A00B21B74 /* MainGameState.h */,
				55C75E4B158EAD7A00B21B74 /* MathUtils.h */,
				55C75E4D158EAD7A00B21B74 /* PhysicsDef.h */,
				55C75E51158EAD7A00B21B74 /* Prop.h */,
				55C75E53158EAD7A00B21B74 /* Randomiser.h */,
				55C75E55158EAD7A00B21B74 /* Renderer.h */,
				55C75E57158EAD7A00B21B74 /* StarField.h */,
				55C75E59158EAD7A00B21B74 /* StateManager.h */,
				55C75E5F158EAD7A00B21B74 /* VariantMap.h */,
				55C75E61158EAD7A00B21B74 /* Vector2.h */,
			);
			name = Engine;
			sourceTree = "<group>";
		};
/* End PBXGroup section */

/* Begin PBXNativeTarget section */
		55C75DCF158EAB4100B21B74 /* Intergalactic */ = {
			isa = PBXNativeTarget;
			buildConfigurationList = 55C75DEA158EAB4100B21B74 /* Build configuration list for PBXNativeTarget "Intergalactic" */;
			buildPhases = (
				55C75DCB158EAB4100B21B74 /* ShellScript */,
				55C75DCC158EAB4100B21B74 /* Sources */,
				55C75DCD158EAB4100B21B74 /* Frameworks */,
				55C75DCE158EAB4100B21B74 /* Resources */,
			);
			buildRules = (
			);
			dependencies = (
			);
			name = Intergalactic;
			productName = Intergalactic;
			productReference = 55C75DD0158EAB4100B21B74 /* Intergalactic.app */;
			productType = "com.apple.product-type.application";
		};
/* End PBXNativeTarget section */

/* Begin PBXProject section */
		55C75DC6158EAB4100B21B74 /* Project object */ = {
			isa = PBXProject;
			attributes = {
				LastUpgradeCheck = 0430;
			};
			buildConfigurationList = 55C75DC9158EAB4100B21B74 /* Build configuration list for PBXProject "Intergalactic" */;
			compatibilityVersion = "Xcode 3.2";
			developmentRegion = English;
			hasScannedForEncodings = 0;
			knownRegions = (
				en,
			);
			mainGroup = 55C75DC4158EAB4100B21B74;
			productRefGroup = 55C75DD1158EAB4100B21B74 /* Products */;
			projectDirPath = "";
			projectRoot = "";
			targets = (
				55C75DCF158EAB4100B21B74 /* Intergalactic */,
			);
		};
/* End PBXProject section */

/* Begin PBXResourcesBuildPhase section */
		55C75DCE158EAB4100B21B74 /* Resources */ = {
			isa = PBXResourcesBuildPhase;
			buildActionMask = 2147483647;
			files = (
				55C75E6E158EAD7A00B21B74 /* Crate.png in Resources */,
				55C75E6F158EAD7A00B21B74 /* grass1.png in Resources */,
				55C75E70158EAD7A00B21B74 /* Grass.psd in Resources */,
				55C75E71158EAD7A00B21B74 /* grass1.psd in Resources */,
				55C75E72158EAD7A00B21B74 /* HouseTest.psd in Resources */,
				55C75E73158EAD7A00B21B74 /* Ship.psd in Resources */,
				55C75E74158EAD7A00B21B74 /* Sun.psd in Resources */,
				55C75E75158EAD7A00B21B74 /* scorch.png in Resources */,
				55C75E76158EAD7A00B21B74 /* shadow.png in Resources */,
				55C75E77158EAD7A00B21B74 /* Ship.png in Resources */,
			);
			runOnlyForDeploymentPostprocessing = 0;
		};
/* End PBXResourcesBuildPhase section */

/* Begin PBXShellScriptBuildPhase section */
		55C75DCB158EAB4100B21B74 /* ShellScript */ = {
			isa = PBXShellScriptBuildPhase;
			buildActionMask = 2147483647;
			files = (
			);
			inputPaths = (
			);
			outputPaths = (
			);
			runOnlyForDeploymentPostprocessing = 0;
			shellPath = /bin/sh;
			shellScript = "# This shell script simply copies required sfml dylibs/frameworks into the application bundle frameworks folder.\n# If you're using static libraries (which is not recommended) you should remove this script from your project.\n\n# Are we building a project that uses framework or dylibs ?\nif [ $SFML_LINK_PREFIX = $SFML_LINK_FRAMEWORKS_PREFIX ]\nthen\n    frameworks=1\nelse\n    frameworks=0\nfi\n\nrequire () # $1 is a SFML module like 'system' or 'audio'\n{\n    dest=$BUILT_PRODUCTS_DIR/$PRODUCT_NAME.app/Contents/Frameworks\n    \n    if [ -z $1 ]\n    then\n        echo \"no parameter! ERROR!\"\n        exit\n    else\n        # clean potentially old stuff\n        rm -f $dest/libsfml-$1.2.dylib\n        rm -f $dest/libsfml-$1-d.2.dylib\n        rm -fr $dest/sfml-$1.framework\n    \n        # copy SFML libraries\n        if [ $frameworks ]\n        then\n            ditto \"/Library/Frameworks/sfml-$1.framework\" \"$dest/sfml-$1.framework\"\n        elif [ $CONFIGURATION = \"Debug\" ]\n        then\n            ditto \"/usr/local/lib/libsfml-$1-d.2.dylib\" \"$dest/libsfml-$1-d.2.dylib\"\n        else\n            ditto \"/usr/local/lib/libsfml-$1.2.dylib\" \"$dest/libsfml-$1.2.dylib\"\n        fi\n        \n        if [ $1 = \"audio\" ]\n        then\n            # copy sndfile framework too\n            ditto \"/Library/Frameworks/sndfile.framework\" \"$dest/sndfile.framework\"\n        fi\n    fi\n}\n\nif [ -n \"$SFML_SYSTEM\" ]\nthen\n    require \"system\"\nfi\n\nif [ -n \"$SFML_AUDIO\" ]\nthen\n    require \"audio\"\nfi\n\nif [ -n \"$SFML_NETWORK\" ]\nthen\n    require \"network\"\nfi\n\nif [ -n \"$SFML_WINDOW\" ]\nthen\n    require \"window\"\nfi\n\nif [ -n \"$SFML_GRAPHICS\" ]\nthen\n    require \"graphics\"\nfi\n\t\t\t\t\t";
		};
/* End PBXShellScriptBuildPhase section */

/* Begin PBXSourcesBuildPhase section */
		55C75DCC158EAB4100B21B74 /* Sources */ = {
			isa = PBXSourcesBuildPhase;
			buildActionMask = 2147483647;
			files = (
				55C75E62158EAD7A00B21B74 /* Background.cpp in Sources */,
				55C75E63158EAD7A00B21B74 /* BaseObject.cpp in Sources */,
				55C75E64158EAD7A00B21B74 /* BasePhysics.cpp in Sources */,
				55C75E65158EAD7A00B21B74 /* BaseRender.cpp in Sources */,
				55C75E66158EAD7A00B21B74 /* BaseRenderable.cpp in Sources */,
				55C75E67158EAD7A00B21B74 /* Camera.cpp in Sources */,
				55C75E68158EAD7A00B21B74 /* DebugDraw.cpp in Sources */,
				55C75E69158EAD7A00B21B74 /* EntityCreator.cpp in Sources */,
				55C75E6A158EAD7A00B21B74 /* EntityListGlobal.cpp in Sources */,
				55C75E6B158EAD7A00B21B74 /* GameGlobals.cpp in Sources */,
				55C75E6C158EAD7A00B21B74 /* HUDRender.cpp in Sources */,
				55C75E6D158EAD7A00B21B74 /* IGameState.cpp in Sources */,
				55C75E78158EAD7A00B21B74 /* InputHandler.cpp in Sources */,
				55C75E7B158EAD7A00B21B74 /* main.cpp in Sources */,
				55C75E7C158EAD7A00B21B74 /* MainGameState.cpp in Sources */,
				55C75E7D158EAD7A00B21B74 /* Map.cpp in Sources */,
				55C75E7E158EAD7A00B21B74 /* MathUtils.cpp in Sources */,
				55C75E7F158EAD7A00B21B74 /* PhysicsDef.cpp in Sources */,
				55C75E80158EAD7A00B21B74 /* Player.cpp in Sources */,
				55C75E81158EAD7A00B21B74 /* Prop.cpp in Sources */,
				55C75E82158EAD7A00B21B74 /* Randomiser.cpp in Sources */,
				55C75E83158EAD7A00B21B74 /* Renderer.cpp in Sources */,
				55C75E84158EAD7A00B21B74 /* StarField.cpp in Sources */,
				55C75E85158EAD7A00B21B74 /* StateManager.cpp in Sources */,
				55C75E86158EAD7A00B21B74 /* Sun.cpp in Sources */,
				55C75E87158EAD7A00B21B74 /* Test.cpp in Sources */,
				55C75E88158EAD7A00B21B74 /* VariantMap.cpp in Sources */,
				55C75E89158EAD7A00B21B74 /* Vector2.cpp in Sources */,
			);
			runOnlyForDeploymentPostprocessing = 0;
		};
/* End PBXSourcesBuildPhase section */

/* Begin XCBuildConfiguration section */
		55C75DE8158EAB4100B21B74 /* Debug */ = {
			isa = XCBuildConfiguration;
			buildSettings = {
				ALWAYS_SEARCH_USER_PATHS = NO;
				ARCHS = "$(ARCHS_STANDARD_64_BIT)";
				CLANG_ENABLE_OBJC_ARC = "";
				COPY_PHASE_STRIP = NO;
				GCC_C_LANGUAGE_STANDARD = gnu99;
				GCC_DYNAMIC_NO_PIC = NO;
				GCC_ENABLE_OBJC_EXCEPTIONS = YES;
				GCC_ENABLE_OBJC_GC = unsupported;
				GCC_OPTIMIZATION_LEVEL = 0;
				GCC_PREPROCESSOR_DEFINITIONS = (
					"DEBUG=1",
					"$(inherited)",
				);
				GCC_SYMBOLS_PRIVATE_EXTERN = NO;
				GCC_VERSION = com.apple.compilers.llvm.clang.1_0;
				GCC_WARN_64_TO_32_BIT_CONVERSION = YES;
				GCC_WARN_ABOUT_RETURN_TYPE = YES;
				GCC_WARN_UNINITIALIZED_AUTOS = YES;
				GCC_WARN_UNUSED_VARIABLE = YES;
				HEADER_SEARCH_PATHS = "$(HEADER_SEARCH_PATHS)";
				MACOSX_DEPLOYMENT_TARGET = 10.7;
				ONLY_ACTIVE_ARCH = YES;
				OTHER_LDFLAGS = (
					"$(OTHER_LDFLAGS)",
					"$(SFML_SYSTEM)",
					"$(SFML_WINDOW)",
					"$(SFML_GRAPHICS)",
					"$(SFML_AUDIO)",
					"$(SFML_NETWORK)",
				);
				PRODUCT_NAME = "$(TARGET_NAME)";
				SDKROOT = macosx;
				SFML_AUDIO = "$(SFML_LINK_PREFIX)sfml-audio$(SFML_LINK_SUFFIX)";
				SFML_GRAPHICS = "$(SFML_LINK_PREFIX)sfml-graphics$(SFML_LINK_SUFFIX)";
				SFML_LINK_DYLIBS_PREFIX = "-l";
				SFML_LINK_DYLIBS_SUFFIX = "-d";
				SFML_LINK_FRAMEWORKS_PREFIX = "-framework ";
				SFML_LINK_FRAMEWORKS_SUFFIX = "";
				SFML_LINK_PREFIX = "$(SFML_LINK_FRAMEWORKS_PREFIX)";
				SFML_LINK_SUFFIX = "$(SFML_LINK_FRAMEWORKS_SUFFIX)";
				SFML_NETWORK = "$(SFML_LINK_PREFIX)sfml-network$(SFML_LINK_SUFFIX)";
				SFML_SYSTEM = "$(SFML_LINK_PREFIX)sfml-system$(SFML_LINK_SUFFIX)";
				SFML_WINDOW = "$(SFML_LINK_PREFIX)sfml-window$(SFML_LINK_SUFFIX)";
			};
			name = Debug;
		};
		55C75DE9158EAB4100B21B74 /* Release */ = {
			isa = XCBuildConfiguration;
			buildSettings = {
				ALWAYS_SEARCH_USER_PATHS = NO;
				ARCHS = "$(ARCHS_STANDARD_64_BIT)";
				CLANG_ENABLE_OBJC_ARC = "";
				COPY_PHASE_STRIP = YES;
				DEBUG_INFORMATION_FORMAT = "dwarf-with-dsym";
				GCC_C_LANGUAGE_STANDARD = gnu99;
				GCC_ENABLE_OBJC_EXCEPTIONS = YES;
				GCC_ENABLE_OBJC_GC = unsupported;
				GCC_VERSION = com.apple.compilers.llvm.clang.1_0;
				GCC_WARN_64_TO_32_BIT_CONVERSION = YES;
				GCC_WARN_ABOUT_RETURN_TYPE = YES;
				GCC_WARN_UNINITIALIZED_AUTOS = YES;
				GCC_WARN_UNUSED_VARIABLE = YES;
				HEADER_SEARCH_PATHS = "$(HEADER_SEARCH_PATHS)";
				MACOSX_DEPLOYMENT_TARGET = 10.7;
				OTHER_LDFLAGS = (
					"$(OTHER_LDFLAGS)",
					"$(SFML_SYSTEM)",
					"$(SFML_WINDOW)",
					"$(SFML_GRAPHICS)",
					"$(SFML_AUDIO)",
					"$(SFML_NETWORK)",
				);
				PRODUCT_NAME = "$(TARGET_NAME)";
				SDKROOT = macosx;
				SFML_AUDIO = "$(SFML_LINK_PREFIX)sfml-audio$(SFML_LINK_SUFFIX)";
				SFML_GRAPHICS = "$(SFML_LINK_PREFIX)sfml-graphics$(SFML_LINK_SUFFIX)";
				SFML_LINK_DYLIBS_PREFIX = "-l";
				SFML_LINK_DYLIBS_SUFFIX = "";
				SFML_LINK_FRAMEWORKS_PREFIX = "-framework ";
				SFML_LINK_FRAMEWORKS_SUFFIX = "";
				SFML_LINK_PREFIX = "$(SFML_LINK_FRAMEWORKS_PREFIX)";
				SFML_LINK_SUFFIX = "$(SFML_LINK_FRAMEWORKS_SUFFIX)";
				SFML_NETWORK = "$(SFML_LINK_PREFIX)sfml-network$(SFML_LINK_SUFFIX)";
				SFML_SYSTEM = "$(SFML_LINK_PREFIX)sfml-system$(SFML_LINK_SUFFIX)";
				SFML_WINDOW = "$(SFML_LINK_PREFIX)sfml-window$(SFML_LINK_SUFFIX)";
			};
			name = Release;
		};
		55C75DEB158EAB4100B21B74 /* Debug */ = {
			isa = XCBuildConfiguration;
			buildSettings = {
				ALWAYS_SEARCH_USER_PATHS = YES;
				COPY_PHASE_STRIP = NO;
				FRAMEWORK_SEARCH_PATHS = /Library/Frameworks;
				GCC_DYNAMIC_NO_PIC = NO;
				GCC_PRECOMPILE_PREFIX_HEADER = NO;
				GCC_PREFIX_HEADER = "";
				HEADER_SEARCH_PATHS = (
					"$(HEADER_SEARCH_PATHS)",
					/usr/local/include/Box2D,
					/usr/local/include,
				);
				INFOPLIST_FILE = "Intergalactic/Intergalactic-Info.plist";
				LIBRARY_SEARCH_PATHS = /usr/local/lib;
				PRODUCT_NAME = "$(TARGET_NAME)";
				WRAPPER_EXTENSION = app;
			};
			name = Debug;
		};
		55C75DEC158EAB4100B21B74 /* Release */ = {
			isa = XCBuildConfiguration;
			buildSettings = {
				ALWAYS_SEARCH_USER_PATHS = YES;
				COPY_PHASE_STRIP = YES;
				FRAMEWORK_SEARCH_PATHS = /Library/Frameworks;
				GCC_PRECOMPILE_PREFIX_HEADER = NO;
				GCC_PREFIX_HEADER = "";
				HEADER_SEARCH_PATHS = (
					"$(HEADER_SEARCH_PATHS)",
					/usr/local/include/Box2D,
					/usr/local/include,
				);
				INFOPLIST_FILE = "Intergalactic/Intergalactic-Info.plist";
				LIBRARY_SEARCH_PATHS = /usr/local/lib;
				PRODUCT_NAME = "$(TARGET_NAME)";
				WRAPPER_EXTENSION = app;
			};
			name = Release;
		};
/* End XCBuildConfiguration section */

/* Begin XCConfigurationList section */
		55C75DC9158EAB4100B21B74 /* Build configuration list for PBXProject "Intergalactic" */ = {
			isa = XCConfigurationList;
			buildConfigurations = (
				55C75DE8158EAB4100B21B74 /* Debug */,
				55C75DE9158EAB4100B21B74 /* Release */,
			);
			defaultConfigurationIsVisible = 0;
			defaultConfigurationName = Release;
		};
		55C75DEA158EAB4100B21B74 /* Build configuration list for PBXNativeTarget "Intergalactic" */ = {
			isa = XCConfigurationList;
			buildConfigurations = (
				55C75DEB158EAB4100B21B74 /* Debug */,
				55C75DEC158EAB4100B21B74 /* Release */,
			);
			defaultConfigurationIsVisible = 0;
			defaultConfigurationName = Release;
		};
/* End XCConfigurationList section */
	};
	rootObject = 55C75DC6158EAB4100B21B74 /* Project object */;
}
