<?xml version="1.0" encoding="utf-8"?>
<Project ToolsVersion="4.0" xmlns="http://schemas.microsoft.com/developer/msbuild/2003">
  <ItemGroup>
    <Filter Include="Resource Files">
      <UniqueIdentifier>{67DA6AB6-F800-4c08-8B7A-83BB121AAD01}</UniqueIdentifier>
      <Extensions>rc;ico;cur;bmp;dlg;rc2;rct;bin;rgs;gif;jpg;jpeg;jpe;resx;tiff;tif;png;wav;mfcribbon-ms</Extensions>
    </Filter>
    <Filter Include="Engine">
      <UniqueIdentifier>{38fc1b8b-be51-4087-8017-a98cb4639077}</UniqueIdentifier>
    </Filter>
    <Filter Include="Game">
      <UniqueIdentifier>{d3b9b4dd-7134-409d-9893-4b0e1afed9b7}</UniqueIdentifier>
    </Filter>
    <Filter Include="Engine\Utility">
      <UniqueIdentifier>{8d86208a-a217-4dde-b236-12c85082c2ad}</UniqueIdentifier>
    </Filter>
  </ItemGroup>
  <ItemGroup>
    <ClCompile Include="main.cpp" />
    <ClCompile Include="BaseObject.cpp">
      <Filter>Engine</Filter>
    </ClCompile>
    <ClCompile Include="BasePhysics.cpp">
      <Filter>Engine</Filter>
    </ClCompile>
    <ClCompile Include="Camera.cpp">
      <Filter>Engine</Filter>
    </ClCompile>
    <ClCompile Include="DebugDraw.cpp">
      <Filter>Engine</Filter>
    </ClCompile>
    <ClCompile Include="EntityCreator.cpp">
      <Filter>Engine</Filter>
    </ClCompile>
    <ClCompile Include="EntityListGlobal.cpp">
      <Filter>Engine</Filter>
    </ClCompile>
    <ClCompile Include="GameGlobals.cpp">
      <Filter>Engine</Filter>
    </ClCompile>
    <ClCompile Include="IGameState.cpp">
      <Filter>Engine</Filter>
    </ClCompile>
    <ClCompile Include="InputHandler.cpp">
      <Filter>Engine</Filter>
    </ClCompile>
    <ClCompile Include="MainGameState.cpp">
      <Filter>Engine</Filter>
    </ClCompile>
    <ClCompile Include="PhysicsDef.cpp">
      <Filter>Engine</Filter>
    </ClCompile>
    <ClCompile Include="Renderer.cpp">
      <Filter>Engine</Filter>
    </ClCompile>
    <ClCompile Include="StateManager.cpp">
      <Filter>Engine</Filter>
    </ClCompile>
    <ClCompile Include="Player.cpp">
      <Filter>Game</Filter>
    </ClCompile>
    <ClCompile Include="Prop.cpp">
      <Filter>Game</Filter>
    </ClCompile>
    <ClCompile Include="MathUtils.cpp">
      <Filter>Engine\Utility</Filter>
    </ClCompile>
    <ClCompile Include="Matrix3.cpp">
      <Filter>Engine\Utility</Filter>
    </ClCompile>
    <ClCompile Include="Randomiser.cpp">
      <Filter>Engine\Utility</Filter>
    </ClCompile>
    <ClCompile Include="Vector2.cpp">
      <Filter>Engine\Utility</Filter>
    </ClCompile>
    <ClCompile Include="VariantMap.cpp">
      <Filter>Engine\Utility</Filter>
    </ClCompile>
    <ClCompile Include="BaseDrawable.cpp">
      <Filter>Engine</Filter>
    </ClCompile>
    <ClCompile Include="Sprite.cpp">
      <Filter>Engine</Filter>
    </ClCompile>
    <ClCompile Include="Map.cpp">
      <Filter>Game</Filter>
    </ClCompile>
  </ItemGroup>
  <ItemGroup>
    <ClInclude Include="GameGlobals.h">
      <Filter>Engine</Filter>
    </ClInclude>
    <ClInclude Include="BaseObject.h">
      <Filter>Engine</Filter>
    </ClInclude>
    <ClInclude Include="BasePhysics.h">
      <Filter>Engine</Filter>
    </ClInclude>
    <ClInclude Include="Camera.h">
      <Filter>Engine</Filter>
    </ClInclude>
    <ClInclude Include="DebugDraw.h">
      <Filter>Engine</Filter>
    </ClInclude>
    <ClInclude Include="EntityCreator.h">
      <Filter>Engine</Filter>
    </ClInclude>
    <ClInclude Include="EntityList.h">
      <Filter>Engine</Filter>
    </ClInclude>
    <ClInclude Include="EntityListGlobal.h">
      <Filter>Engine</Filter>
    </ClInclude>
    <ClInclude Include="InputHandler.h">
      <Filter>Engine</Filter>
    </ClInclude>
    <ClInclude Include="IGameState.h">
      <Filter>Engine</Filter>
    </ClInclude>
    <ClInclude Include="MainGameState.h">
      <Filter>Engine</Filter>
    </ClInclude>
    <ClInclude Include="PhysicsDef.h">
      <Filter>Engine</Filter>
    </ClInclude>
    <ClInclude Include="Renderer.h">
      <Filter>Engine</Filter>
    </ClInclude>
    <ClInclude Include="StateManager.h">
      <Filter>Engine</Filter>
    </ClInclude>
    <ClInclude Include="Player.h">
      <Filter>Game</Filter>
    </ClInclude>
    <ClInclude Include="Prop.h">
      <Filter>Game</Filter>
    </ClInclude>
    <ClInclude Include="MathUtils.h">
      <Filter>Engine\Utility</Filter>
    </ClInclude>
    <ClInclude Include="Matrix3.hpp">
      <Filter>Engine\Utility</Filter>
    </ClInclude>
    <ClInclude Include="Randomiser.h">
      <Filter>Engine\Utility</Filter>
    </ClInclude>
    <ClInclude Include="Vector2.h">
      <Filter>Engine\Utility</Filter>
    </ClInclude>
    <ClInclude Include="VariantMap.h">
      <Filter>Engine\Utility</Filter>
    </ClInclude>
    <ClInclude Include="BaseDrawable.h">
      <Filter>Engine</Filter>
    </ClInclude>
    <ClInclude Include="Sprite.h">
      <Filter>Engine</Filter>
    </ClInclude>
    <ClInclude Include="Map.h">
      <Filter>Game</Filter>
    </ClInclude>
  </ItemGroup>
  <ItemGroup>
    <None Include="Matrix3.inl">
      <Filter>Engine\Utility</Filter>
    </None>
  </ItemGroup>
</Project>