<?xml version="1.0" encoding="utf-8"?>
<Project ToolsVersion="4.0" xmlns="http://schemas.microsoft.com/developer/msbuild/2003">
  <ItemGroup>
    <Filter Include="Resource Files">
      <UniqueIdentifier>{67DA6AB6-F800-4c08-8B7A-83BB121AAD01}</UniqueIdentifier>
      <Extensions>rc;ico;cur;bmp;dlg;rc2;rct;bin;rgs;gif;jpg;jpeg;jpe;resx;tiff;tif;png;wav;mfcribbon-ms</Extensions>
    </Filter>
    <Filter Include="Engine">
      <UniqueIdentifier>{38fc1b8b-be51-4087-8017-a98cb4639077}</UniqueIdentifier>
    </Filter>
    <Filter Include="Game">
      <UniqueIdentifier>{d3b9b4dd-7134-409d-9893-4b0e1afed9b7}</UniqueIdentifier>
    </Filter>
  </ItemGroup>
  <ItemGroup>
    <ClCompile Include="Engine\BaseDrawable.cpp">
      <Filter>Engine</Filter>
    </ClCompile>
    <ClCompile Include="Engine\BaseObject.cpp">
      <Filter>Engine</Filter>
    </ClCompile>
    <ClCompile Include="Engine\BasePhysics.cpp">
      <Filter>Engine</Filter>
    </ClCompile>
    <ClCompile Include="Engine\Camera.cpp">
      <Filter>Engine</Filter>
    </ClCompile>
    <ClCompile Include="Engine\DebugDraw.cpp">
      <Filter>Engine</Filter>
    </ClCompile>
    <ClCompile Include="Engine\EntityCreator.cpp">
      <Filter>Engine</Filter>
    </ClCompile>
    <ClCompile Include="Engine\EntityListGlobal.cpp">
      <Filter>Engine</Filter>
    </ClCompile>
    <ClCompile Include="Engine\GameGlobals.cpp">
      <Filter>Engine</Filter>
    </ClCompile>
    <ClCompile Include="Engine\IGameState.cpp">
      <Filter>Engine</Filter>
    </ClCompile>
    <ClCompile Include="Engine\InputHandler.cpp">
      <Filter>Engine</Filter>
    </ClCompile>
    <ClCompile Include="Engine\StateManager.cpp">
      <Filter>Engine</Filter>
    </ClCompile>
    <ClCompile Include="Engine\Sprite.cpp">
      <Filter>Engine</Filter>
    </ClCompile>
    <ClCompile Include="Engine\Renderer.cpp">
      <Filter>Engine</Filter>
    </ClCompile>
    <ClCompile Include="Engine\PhysicsDef.cpp">
      <Filter>Engine</Filter>
    </ClCompile>
    <ClCompile Include="Game\MainGameState.cpp">
      <Filter>Engine</Filter>
    </ClCompile>
    <ClCompile Include="Game\Map.cpp">
      <Filter>Game</Filter>
    </ClCompile>
    <ClCompile Include="Game\Player.cpp">
      <Filter>Game</Filter>
    </ClCompile>
    <ClCompile Include="Game\Prop.cpp">
      <Filter>Game</Filter>
    </ClCompile>
    <ClCompile Include="main.cpp" />
    <ClCompile Include="Engine\Resource.cpp" />
    <ClCompile Include="Engine\PhysicsWorld.cpp" />
    <ClCompile Include="Engine\Utilities\MathUtils.cpp" />
    <ClCompile Include="Engine\Utilities\Matrix3.cpp" />
    <ClCompile Include="Engine\Utilities\Randomiser.cpp" />
    <ClCompile Include="Engine\Utilities\VariantMap.cpp" />
    <ClCompile Include="Engine\Utilities\Vector2.cpp" />
    <ClCompile Include="Game\Decal.cpp" />
  </ItemGroup>
  <ItemGroup>
    <ClInclude Include="Engine\InputHandler.h">
      <Filter>Engine</Filter>
    </ClInclude>
    <ClInclude Include="Engine\BaseDrawable.h">
      <Filter>Engine</Filter>
    </ClInclude>
    <ClInclude Include="Engine\BaseObject.h">
      <Filter>Engine</Filter>
    </ClInclude>
    <ClInclude Include="Engine\BasePhysics.h">
      <Filter>Engine</Filter>
    </ClInclude>
    <ClInclude Include="Engine\Camera.h">
      <Filter>Engine</Filter>
    </ClInclude>
    <ClInclude Include="Engine\DebugDraw.h">
      <Filter>Engine</Filter>
    </ClInclude>
    <ClInclude Include="Engine\EntityCreator.h">
      <Filter>Engine</Filter>
    </ClInclude>
    <ClInclude Include="Engine\EntityList.h">
      <Filter>Engine</Filter>
    </ClInclude>
    <ClInclude Include="Engine\EntityListGlobal.h">
      <Filter>Engine</Filter>
    </ClInclude>
    <ClInclude Include="Engine\GameGlobals.h">
      <Filter>Engine</Filter>
    </ClInclude>
    <ClInclude Include="Engine\IGameState.h">
      <Filter>Engine</Filter>
    </ClInclude>
    <ClInclude Include="Engine\StateManager.h">
      <Filter>Engine</Filter>
    </ClInclude>
    <ClInclude Include="Engine\Sprite.h">
      <Filter>Engine</Filter>
    </ClInclude>
    <ClInclude Include="Engine\Renderer.h">
      <Filter>Engine</Filter>
    </ClInclude>
    <ClInclude Include="Engine\PhysicsDef.h">
      <Filter>Engine</Filter>
    </ClInclude>
    <ClInclude Include="Game\Prop.h">
      <Filter>Game</Filter>
    </ClInclude>
    <ClInclude Include="Game\MainGameState.h">
      <Filter>Engine</Filter>
    </ClInclude>
    <ClInclude Include="Game\Map.h">
      <Filter>Game</Filter>
    </ClInclude>
    <ClInclude Include="Game\Player.h">
      <Filter>Game</Filter>
    </ClInclude>
    <ClInclude Include="engine\resource.h" />
    <ClInclude Include="Engine\PhysicsWorld.h" />
    <ClInclude Include="engine\utilities\mathutils.h" />
    <ClInclude Include="engine\utilities\matrix3.hpp" />
    <ClInclude Include="Engine\Utilities\Randomiser.h" />
    <ClInclude Include="engine\utilities\variantmap.h" />
    <ClInclude Include="engine\utilities\vector2.h" />
    <ClInclude Include="Game\Decal.h" />
  </ItemGroup>
  <ItemGroup>
    <None Include="engine\utilities\matrix3.inl" />
  </ItemGroup>
</Project>